{
  "object": {
    "pins": [
      {
        "package": "SignalRClient",
        "repositoryURL": "https://github.com/moozzyk/SignalR-Client-Swift.git",
        "state": {
          "branch": null,
          "revision": "a998729a4a525d30228bd0893bb3200304726289",
          "version": "0.8.0"
        }
      },
      {
        "package": "SwiftKeychainWrapper",
        "repositoryURL": "https://github.com/jrendel/SwiftKeychainWrapper",
        "state": {
          "branch": null,
          "revision": "185a3165346a03767101c4f62e9a545a0fe0530f",
          "version": "4.0.1"
        }
      },
      {
        "package": "SwiftUICharts",
        "repositoryURL": "https://github.com/KingsleyOkeke14/SwiftUICharts.git",
        "state": {
          "branch": "master",
          "revision": "86cb6f07c25efe98e6115575a13a656443e0efa4",
          "version": null
        }
      }
    ]
  },
  "version": 1
}
