// !$*UTF8*$!
{
	archiveVersion = 1;
	classes = {
	};
	objectVersion = 52;
	objects = {

/* Begin PBXBuildFile section */
		D004685725D43795006C60E9 /* CompanyInfoView.swift in Sources */ = {isa = PBXBuildFile; fileRef = D004685625D43795006C60E9 /* CompanyInfoView.swift */; };
		D004685A25D44037006C60E9 /* PortfolioSummaryView.swift in Sources */ = {isa = PBXBuildFile; fileRef = D004685925D44037006C60E9 /* PortfolioSummaryView.swift */; };
		D004685D25D4BD2B006C60E9 /* PortfolioPageView.swift in Sources */ = {isa = PBXBuildFile; fileRef = D004685C25D4BD2B006C60E9 /* PortfolioPageView.swift */; };
		D004686025D4D2CD006C60E9 /* ProfilePageView.swift in Sources */ = {isa = PBXBuildFile; fileRef = D004685F25D4D2CD006C60E9 /* ProfilePageView.swift */; };
		D004686425D5CCFB006C60E9 /* ProfileSettingsPageView.swift in Sources */ = {isa = PBXBuildFile; fileRef = D004686325D5CCFB006C60E9 /* ProfileSettingsPageView.swift */; };
		D004686725D5E461006C60E9 /* EditSelectionView.swift in Sources */ = {isa = PBXBuildFile; fileRef = D004686625D5E461006C60E9 /* EditSelectionView.swift */; };
		D004686A25D64E87006C60E9 /* LoadingIndicatorView.swift in Sources */ = {isa = PBXBuildFile; fileRef = D004686925D64E87006C60E9 /* LoadingIndicatorView.swift */; };
		D004686F25D8B96E006C60E9 /* OrderView.swift in Sources */ = {isa = PBXBuildFile; fileRef = D004686E25D8B96E006C60E9 /* OrderView.swift */; };
		D004687325D8D19F006C60E9 /* OrderDetailPageView.swift in Sources */ = {isa = PBXBuildFile; fileRef = D004687225D8D19F006C60E9 /* OrderDetailPageView.swift */; };
		D00CA77B25CA40C400232915 /* SearchBarView.swift in Sources */ = {isa = PBXBuildFile; fileRef = D00CA77A25CA40C400232915 /* SearchBarView.swift */; };
		D00CA78125CB3BF600232915 /* StockSymbolView.swift in Sources */ = {isa = PBXBuildFile; fileRef = D00CA78025CB3BF600232915 /* StockSymbolView.swift */; };
		D00CA78425CB50CF00232915 /* StockSymbol.swift in Sources */ = {isa = PBXBuildFile; fileRef = D00CA78325CB50CF00232915 /* StockSymbol.swift */; };
		D00CA78725CB55CD00232915 /* StockSymbolModel.swift in Sources */ = {isa = PBXBuildFile; fileRef = D00CA78625CB55CD00232915 /* StockSymbolModel.swift */; };
		D00CA78A25CB93DD00232915 /* WatchListPageView.swift in Sources */ = {isa = PBXBuildFile; fileRef = D00CA78925CB93DD00232915 /* WatchListPageView.swift */; };
		D02D7C2D25DC496600DAC07A /* ButtonSelectionView.swift in Sources */ = {isa = PBXBuildFile; fileRef = D02D7C2C25DC496600DAC07A /* ButtonSelectionView.swift */; };
		D031EB3F26118C7F001504B5 /* API.swift in Sources */ = {isa = PBXBuildFile; fileRef = D031EB3E26118C7F001504B5 /* API.swift */; };
		D031EB4326143B71001504B5 /* APIResponse.swift in Sources */ = {isa = PBXBuildFile; fileRef = D031EB4226143B71001504B5 /* APIResponse.swift */; };
		D034870D25C7FE3D00CFCAB2 /* RegisterPageView.swift in Sources */ = {isa = PBXBuildFile; fileRef = D034870C25C7FE3D00CFCAB2 /* RegisterPageView.swift */; };
		D034871225C80DA500CFCAB2 /* ButtonView.swift in Sources */ = {isa = PBXBuildFile; fileRef = D034871125C80DA500CFCAB2 /* ButtonView.swift */; };
		D0369D1A25C76B1900718A52 /* megastonksApp.swift in Sources */ = {isa = PBXBuildFile; fileRef = D0369D1925C76B1900718A52 /* megastonksApp.swift */; };
		D0369D1C25C76B1900718A52 /* FormView.swift in Sources */ = {isa = PBXBuildFile; fileRef = D0369D1B25C76B1900718A52 /* FormView.swift */; };
		D0369D1E25C76B1900718A52 /* Assets.xcassets in Resources */ = {isa = PBXBuildFile; fileRef = D0369D1D25C76B1900718A52 /* Assets.xcassets */; };
		D0369D2125C76B1900718A52 /* Preview Assets.xcassets in Resources */ = {isa = PBXBuildFile; fileRef = D0369D2025C76B1900718A52 /* Preview Assets.xcassets */; };
		D045DB1B262BCEBE0040C067 /* SwiftKeychainWrapper in Frameworks */ = {isa = PBXBuildFile; productRef = D045DB1A262BCEBE0040C067 /* SwiftKeychainWrapper */; };
		D045DB1E262BE5530040C067 /* APIRequest.swift in Sources */ = {isa = PBXBuildFile; fileRef = D045DB1D262BE5530040C067 /* APIRequest.swift */; };
		D04F7EA725D323AE00E52997 /* RadialChartView.swift in Sources */ = {isa = PBXBuildFile; fileRef = D04F7EA625D323AE00E52997 /* RadialChartView.swift */; };
		D057841825C88C360039E6CD /* OnBoardCardView.swift in Sources */ = {isa = PBXBuildFile; fileRef = D057841725C88C360039E6CD /* OnBoardCardView.swift */; };
		D057841B25C88C5E0039E6CD /* OnBoardCard.swift in Sources */ = {isa = PBXBuildFile; fileRef = D057841A25C88C5E0039E6CD /* OnBoardCard.swift */; };
		D057841E25C88D400039E6CD /* OnBoardCardModel.swift in Sources */ = {isa = PBXBuildFile; fileRef = D057841D25C88D400039E6CD /* OnBoardCardModel.swift */; };
		D057842325C894530039E6CD /* OnBoardPageView.swift in Sources */ = {isa = PBXBuildFile; fileRef = D057842225C894530039E6CD /* OnBoardPageView.swift */; };
		D06B311525C7AFF400A37C08 /* LoginPageView.swift in Sources */ = {isa = PBXBuildFile; fileRef = D06B311425C7AFF400A37C08 /* LoginPageView.swift */; };
		D06B311825C7BA5200A37C08 /* SecretFormView.swift in Sources */ = {isa = PBXBuildFile; fileRef = D06B311725C7BA5200A37C08 /* SecretFormView.swift */; };
		D06E429425D3545E009701A2 /* StatisticsView.swift in Sources */ = {isa = PBXBuildFile; fileRef = D06E429325D3545E009701A2 /* StatisticsView.swift */; };
		D09EF9DD2624989B00D9EF05 /* RootPageView.swift in Sources */ = {isa = PBXBuildFile; fileRef = D09EF9DC2624989B00D9EF05 /* RootPageView.swift */; };
		D09EF9E02624994C00D9EF05 /* UserAuth.swift in Sources */ = {isa = PBXBuildFile; fileRef = D09EF9DF2624994C00D9EF05 /* UserAuth.swift */; };
		D0A94F8A2626CF6B005477B6 /* ResetPasswordPageView.swift in Sources */ = {isa = PBXBuildFile; fileRef = D0A94F892626CF6B005477B6 /* ResetPasswordPageView.swift */; };
		D0A94F8D2626D1F3005477B6 /* ForgotPasswordPageView.swift in Sources */ = {isa = PBXBuildFile; fileRef = D0A94F8C2626D1F3005477B6 /* ForgotPasswordPageView.swift */; };
		D0D1933825CCB41900D83D87 /* StockInfoView.swift in Sources */ = {isa = PBXBuildFile; fileRef = D0D1933725CCB41900D83D87 /* StockInfoView.swift */; };
		D0D1933B25CCCFAF00D83D87 /* ChartView.swift in Sources */ = {isa = PBXBuildFile; fileRef = D0D1933A25CCCFAF00D83D87 /* ChartView.swift */; };
		D0D3C40226249E5E00DC6B36 /* AppPageView.swift in Sources */ = {isa = PBXBuildFile; fileRef = D0D3C40126249E5E00DC6B36 /* AppPageView.swift */; };
		D0DEFFB425DB050C008D8C9C /* SwiftUICharts in Frameworks */ = {isa = PBXBuildFile; productRef = D0DEFFB325DB050C008D8C9C /* SwiftUICharts */; };
		D0FC0FF725D2287600366B26 /* StocksInfoPageView.swift in Sources */ = {isa = PBXBuildFile; fileRef = D0FC0FF625D2287600366B26 /* StocksInfoPageView.swift */; };
		D0FC0FFB25D22E8F00366B26 /* ChartButtonView.swift in Sources */ = {isa = PBXBuildFile; fileRef = D0FC0FFA25D22E8F00366B26 /* ChartButtonView.swift */; };
		D0FC100025D2EFB400366B26 /* MyHoldingsView.swift in Sources */ = {isa = PBXBuildFile; fileRef = D0FC0FFF25D2EFB400366B26 /* MyHoldingsView.swift */; };
		D0FC100325D2F96D00366B26 /* MyColors.swift in Sources */ = {isa = PBXBuildFile; fileRef = D0FC100225D2F96D00366B26 /* MyColors.swift */; };
/* End PBXBuildFile section */

/* Begin PBXFileReference section */
		D004685625D43795006C60E9 /* CompanyInfoView.swift */ = {isa = PBXFileReference; lastKnownFileType = sourcecode.swift; path = CompanyInfoView.swift; sourceTree = "<group>"; };
		D004685925D44037006C60E9 /* PortfolioSummaryView.swift */ = {isa = PBXFileReference; lastKnownFileType = sourcecode.swift; path = PortfolioSummaryView.swift; sourceTree = "<group>"; };
		D004685C25D4BD2B006C60E9 /* PortfolioPageView.swift */ = {isa = PBXFileReference; lastKnownFileType = sourcecode.swift; path = PortfolioPageView.swift; sourceTree = "<group>"; };
		D004685F25D4D2CD006C60E9 /* ProfilePageView.swift */ = {isa = PBXFileReference; lastKnownFileType = sourcecode.swift; path = ProfilePageView.swift; sourceTree = "<group>"; };
		D004686325D5CCFB006C60E9 /* ProfileSettingsPageView.swift */ = {isa = PBXFileReference; lastKnownFileType = sourcecode.swift; path = ProfileSettingsPageView.swift; sourceTree = "<group>"; };
		D004686625D5E461006C60E9 /* EditSelectionView.swift */ = {isa = PBXFileReference; lastKnownFileType = sourcecode.swift; path = EditSelectionView.swift; sourceTree = "<group>"; };
		D004686925D64E87006C60E9 /* LoadingIndicatorView.swift */ = {isa = PBXFileReference; lastKnownFileType = sourcecode.swift; path = LoadingIndicatorView.swift; sourceTree = "<group>"; };
		D004686E25D8B96E006C60E9 /* OrderView.swift */ = {isa = PBXFileReference; lastKnownFileType = sourcecode.swift; path = OrderView.swift; sourceTree = "<group>"; };
		D004687225D8D19F006C60E9 /* OrderDetailPageView.swift */ = {isa = PBXFileReference; lastKnownFileType = sourcecode.swift; path = OrderDetailPageView.swift; sourceTree = "<group>"; };
		D00CA77A25CA40C400232915 /* SearchBarView.swift */ = {isa = PBXFileReference; lastKnownFileType = sourcecode.swift; path = SearchBarView.swift; sourceTree = "<group>"; };
		D00CA78025CB3BF600232915 /* StockSymbolView.swift */ = {isa = PBXFileReference; lastKnownFileType = sourcecode.swift; path = StockSymbolView.swift; sourceTree = "<group>"; };
		D00CA78325CB50CF00232915 /* StockSymbol.swift */ = {isa = PBXFileReference; lastKnownFileType = sourcecode.swift; path = StockSymbol.swift; sourceTree = "<group>"; };
		D00CA78625CB55CD00232915 /* StockSymbolModel.swift */ = {isa = PBXFileReference; lastKnownFileType = sourcecode.swift; path = StockSymbolModel.swift; sourceTree = "<group>"; };
		D00CA78925CB93DD00232915 /* WatchListPageView.swift */ = {isa = PBXFileReference; lastKnownFileType = sourcecode.swift; path = WatchListPageView.swift; sourceTree = "<group>"; };
		D02D7C2C25DC496600DAC07A /* ButtonSelectionView.swift */ = {isa = PBXFileReference; lastKnownFileType = sourcecode.swift; path = ButtonSelectionView.swift; sourceTree = "<group>"; };
		D031EB3E26118C7F001504B5 /* API.swift */ = {isa = PBXFileReference; lastKnownFileType = sourcecode.swift; path = API.swift; sourceTree = "<group>"; };
		D031EB4226143B71001504B5 /* APIResponse.swift */ = {isa = PBXFileReference; lastKnownFileType = sourcecode.swift; path = APIResponse.swift; sourceTree = "<group>"; };
		D034870C25C7FE3D00CFCAB2 /* RegisterPageView.swift */ = {isa = PBXFileReference; lastKnownFileType = sourcecode.swift; path = RegisterPageView.swift; sourceTree = "<group>"; };
		D034871125C80DA500CFCAB2 /* ButtonView.swift */ = {isa = PBXFileReference; lastKnownFileType = sourcecode.swift; path = ButtonView.swift; sourceTree = "<group>"; };
		D0369D1625C76B1900718A52 /* megastonks.app */ = {isa = PBXFileReference; explicitFileType = wrapper.application; includeInIndex = 0; path = megastonks.app; sourceTree = BUILT_PRODUCTS_DIR; };
		D0369D1925C76B1900718A52 /* megastonksApp.swift */ = {isa = PBXFileReference; lastKnownFileType = sourcecode.swift; path = megastonksApp.swift; sourceTree = "<group>"; };
		D0369D1B25C76B1900718A52 /* FormView.swift */ = {isa = PBXFileReference; lastKnownFileType = sourcecode.swift; path = FormView.swift; sourceTree = "<group>"; };
		D0369D1D25C76B1900718A52 /* Assets.xcassets */ = {isa = PBXFileReference; lastKnownFileType = folder.assetcatalog; path = Assets.xcassets; sourceTree = "<group>"; };
		D0369D2025C76B1900718A52 /* Preview Assets.xcassets */ = {isa = PBXFileReference; lastKnownFileType = folder.assetcatalog; path = "Preview Assets.xcassets"; sourceTree = "<group>"; };
		D0369D2225C76B1900718A52 /* Info.plist */ = {isa = PBXFileReference; lastKnownFileType = text.plist.xml; path = Info.plist; sourceTree = "<group>"; };
		D045DB1D262BE5530040C067 /* APIRequest.swift */ = {isa = PBXFileReference; lastKnownFileType = sourcecode.swift; path = APIRequest.swift; sourceTree = "<group>"; };
		D04F7EA625D323AE00E52997 /* RadialChartView.swift */ = {isa = PBXFileReference; lastKnownFileType = sourcecode.swift; path = RadialChartView.swift; sourceTree = "<group>"; };
		D057841725C88C360039E6CD /* OnBoardCardView.swift */ = {isa = PBXFileReference; lastKnownFileType = sourcecode.swift; path = OnBoardCardView.swift; sourceTree = "<group>"; };
		D057841A25C88C5E0039E6CD /* OnBoardCard.swift */ = {isa = PBXFileReference; lastKnownFileType = sourcecode.swift; path = OnBoardCard.swift; sourceTree = "<group>"; };
		D057841D25C88D400039E6CD /* OnBoardCardModel.swift */ = {isa = PBXFileReference; lastKnownFileType = sourcecode.swift; path = OnBoardCardModel.swift; sourceTree = "<group>"; };
		D057842225C894530039E6CD /* OnBoardPageView.swift */ = {isa = PBXFileReference; lastKnownFileType = sourcecode.swift; path = OnBoardPageView.swift; sourceTree = "<group>"; };
		D06B311425C7AFF400A37C08 /* LoginPageView.swift */ = {isa = PBXFileReference; lastKnownFileType = sourcecode.swift; path = LoginPageView.swift; sourceTree = "<group>"; };
		D06B311725C7BA5200A37C08 /* SecretFormView.swift */ = {isa = PBXFileReference; lastKnownFileType = sourcecode.swift; path = SecretFormView.swift; sourceTree = "<group>"; };
		D06E429325D3545E009701A2 /* StatisticsView.swift */ = {isa = PBXFileReference; lastKnownFileType = sourcecode.swift; path = StatisticsView.swift; sourceTree = "<group>"; };
		D09EF9DC2624989B00D9EF05 /* RootPageView.swift */ = {isa = PBXFileReference; lastKnownFileType = sourcecode.swift; path = RootPageView.swift; sourceTree = "<group>"; };
		D09EF9DF2624994C00D9EF05 /* UserAuth.swift */ = {isa = PBXFileReference; lastKnownFileType = sourcecode.swift; path = UserAuth.swift; sourceTree = "<group>"; };
		D0A94F892626CF6B005477B6 /* ResetPasswordPageView.swift */ = {isa = PBXFileReference; lastKnownFileType = sourcecode.swift; path = ResetPasswordPageView.swift; sourceTree = "<group>"; };
		D0A94F8C2626D1F3005477B6 /* ForgotPasswordPageView.swift */ = {isa = PBXFileReference; lastKnownFileType = sourcecode.swift; path = ForgotPasswordPageView.swift; sourceTree = "<group>"; };
		D0D1933725CCB41900D83D87 /* StockInfoView.swift */ = {isa = PBXFileReference; lastKnownFileType = sourcecode.swift; path = StockInfoView.swift; sourceTree = "<group>"; };
		D0D1933A25CCCFAF00D83D87 /* ChartView.swift */ = {isa = PBXFileReference; lastKnownFileType = sourcecode.swift; path = ChartView.swift; sourceTree = "<group>"; };
		D0D3C40126249E5E00DC6B36 /* AppPageView.swift */ = {isa = PBXFileReference; lastKnownFileType = sourcecode.swift; path = AppPageView.swift; sourceTree = "<group>"; };
		D0FC0FF625D2287600366B26 /* StocksInfoPageView.swift */ = {isa = PBXFileReference; lastKnownFileType = sourcecode.swift; path = StocksInfoPageView.swift; sourceTree = "<group>"; };
		D0FC0FFA25D22E8F00366B26 /* ChartButtonView.swift */ = {isa = PBXFileReference; lastKnownFileType = sourcecode.swift; path = ChartButtonView.swift; sourceTree = "<group>"; };
		D0FC0FFF25D2EFB400366B26 /* MyHoldingsView.swift */ = {isa = PBXFileReference; lastKnownFileType = sourcecode.swift; path = MyHoldingsView.swift; sourceTree = "<group>"; };
		D0FC100225D2F96D00366B26 /* MyColors.swift */ = {isa = PBXFileReference; lastKnownFileType = sourcecode.swift; path = MyColors.swift; sourceTree = "<group>"; };
/* End PBXFileReference section */

/* Begin PBXFrameworksBuildPhase section */
		D0369D1325C76B1900718A52 /* Frameworks */ = {
			isa = PBXFrameworksBuildPhase;
			buildActionMask = 2147483647;
			files = (
				D045DB1B262BCEBE0040C067 /* SwiftKeychainWrapper in Frameworks */,
				D0DEFFB425DB050C008D8C9C /* SwiftUICharts in Frameworks */,
			);
			runOnlyForDeploymentPostprocessing = 0;
		};
/* End PBXFrameworksBuildPhase section */

/* Begin PBXGroup section */
		D031EB3D26118BAA001504B5 /* Service */ = {
			isa = PBXGroup;
			children = (
				D031EB4126143B56001504B5 /* Models */,
				D031EB3E26118C7F001504B5 /* API.swift */,
				D09EF9DF2624994C00D9EF05 /* UserAuth.swift */,
			);
			path = Service;
			sourceTree = "<group>";
		};
		D031EB4126143B56001504B5 /* Models */ = {
			isa = PBXGroup;
			children = (
				D031EB4226143B71001504B5 /* APIResponse.swift */,
				D045DB1D262BE5530040C067 /* APIRequest.swift */,
			);
			path = Models;
			sourceTree = "<group>";
		};
		D034871425C80DAE00CFCAB2 /* SubViews */ = {
			isa = PBXGroup;
			children = (
				D0369D1B25C76B1900718A52 /* FormView.swift */,
				D034871125C80DA500CFCAB2 /* ButtonView.swift */,
				D06B311725C7BA5200A37C08 /* SecretFormView.swift */,
				D057841725C88C360039E6CD /* OnBoardCardView.swift */,
				D00CA77A25CA40C400232915 /* SearchBarView.swift */,
				D00CA78025CB3BF600232915 /* StockSymbolView.swift */,
				D0D1933725CCB41900D83D87 /* StockInfoView.swift */,
				D0D1933A25CCCFAF00D83D87 /* ChartView.swift */,
				D0FC0FFA25D22E8F00366B26 /* ChartButtonView.swift */,
				D0FC0FFF25D2EFB400366B26 /* MyHoldingsView.swift */,
				D04F7EA625D323AE00E52997 /* RadialChartView.swift */,
				D06E429325D3545E009701A2 /* StatisticsView.swift */,
				D004685625D43795006C60E9 /* CompanyInfoView.swift */,
				D004685925D44037006C60E9 /* PortfolioSummaryView.swift */,
				D004686925D64E87006C60E9 /* LoadingIndicatorView.swift */,
				D004686E25D8B96E006C60E9 /* OrderView.swift */,
				D02D7C2C25DC496600DAC07A /* ButtonSelectionView.swift */,
			);
			path = SubViews;
			sourceTree = "<group>";
		};
		D0369D0D25C76B1900718A52 = {
			isa = PBXGroup;
			children = (
				D0369D1925C76B1900718A52 /* megastonksApp.swift */,
				D0369D2B25C76FCD00718A52 /* ViewModels */,
				D0369D2A25C76FC700718A52 /* Views */,
				D0369D2925C76FB300718A52 /* Models */,
				D0369D1825C76B1900718A52 /* megastonks */,
				D031EB3D26118BAA001504B5 /* Service */,
				D0369D1725C76B1900718A52 /* Products */,
				D0FC0FF225D2280C00366B26 /* Frameworks */,
			);
			sourceTree = "<group>";
		};
		D0369D1725C76B1900718A52 /* Products */ = {
			isa = PBXGroup;
			children = (
				D0369D1625C76B1900718A52 /* megastonks.app */,
			);
			name = Products;
			sourceTree = "<group>";
		};
		D0369D1825C76B1900718A52 /* megastonks */ = {
			isa = PBXGroup;
			children = (
				D0369D1D25C76B1900718A52 /* Assets.xcassets */,
				D0369D2225C76B1900718A52 /* Info.plist */,
				D0369D1F25C76B1900718A52 /* Preview Content */,
			);
			path = megastonks;
			sourceTree = "<group>";
		};
		D0369D1F25C76B1900718A52 /* Preview Content */ = {
			isa = PBXGroup;
			children = (
				D0369D2025C76B1900718A52 /* Preview Assets.xcassets */,
			);
			path = "Preview Content";
			sourceTree = "<group>";
		};
		D0369D2925C76FB300718A52 /* Models */ = {
			isa = PBXGroup;
			children = (
				D057841A25C88C5E0039E6CD /* OnBoardCard.swift */,
				D00CA78325CB50CF00232915 /* StockSymbol.swift */,
			);
			path = Models;
			sourceTree = "<group>";
		};
		D0369D2A25C76FC700718A52 /* Views */ = {
			isa = PBXGroup;
			children = (
				D034871425C80DAE00CFCAB2 /* SubViews */,
				D06B311425C7AFF400A37C08 /* LoginPageView.swift */,
				D004687225D8D19F006C60E9 /* OrderDetailPageView.swift */,
				D034870C25C7FE3D00CFCAB2 /* RegisterPageView.swift */,
				D057842225C894530039E6CD /* OnBoardPageView.swift */,
				D00CA78925CB93DD00232915 /* WatchListPageView.swift */,
				D0FC0FF625D2287600366B26 /* StocksInfoPageView.swift */,
				D0FC100225D2F96D00366B26 /* MyColors.swift */,
				D004685C25D4BD2B006C60E9 /* PortfolioPageView.swift */,
				D004685F25D4D2CD006C60E9 /* ProfilePageView.swift */,
				D004686325D5CCFB006C60E9 /* ProfileSettingsPageView.swift */,
				D004686625D5E461006C60E9 /* EditSelectionView.swift */,
				D09EF9DC2624989B00D9EF05 /* RootPageView.swift */,
				D0D3C40126249E5E00DC6B36 /* AppPageView.swift */,
				D0A94F892626CF6B005477B6 /* ResetPasswordPageView.swift */,
				D0A94F8C2626D1F3005477B6 /* ForgotPasswordPageView.swift */,
			);
			path = Views;
			sourceTree = "<group>";
		};
		D0369D2B25C76FCD00718A52 /* ViewModels */ = {
			isa = PBXGroup;
			children = (
				D057841D25C88D400039E6CD /* OnBoardCardModel.swift */,
				D00CA78625CB55CD00232915 /* StockSymbolModel.swift */,
			);
			path = ViewModels;
			sourceTree = "<group>";
		};
		D0FC0FF225D2280C00366B26 /* Frameworks */ = {
			isa = PBXGroup;
			children = (
			);
			name = Frameworks;
			sourceTree = "<group>";
		};
/* End PBXGroup section */

/* Begin PBXNativeTarget section */
		D0369D1525C76B1900718A52 /* megastonks */ = {
			isa = PBXNativeTarget;
			buildConfigurationList = D0369D2525C76B1900718A52 /* Build configuration list for PBXNativeTarget "megastonks" */;
			buildPhases = (
				D0369D1225C76B1900718A52 /* Sources */,
				D0369D1325C76B1900718A52 /* Frameworks */,
				D0369D1425C76B1900718A52 /* Resources */,
			);
			buildRules = (
			);
			dependencies = (
			);
			name = megastonks;
			packageProductDependencies = (
				D0DEFFB325DB050C008D8C9C /* SwiftUICharts */,
				D045DB1A262BCEBE0040C067 /* SwiftKeychainWrapper */,
			);
			productName = megastonks;
			productReference = D0369D1625C76B1900718A52 /* megastonks.app */;
			productType = "com.apple.product-type.application";
		};
/* End PBXNativeTarget section */

/* Begin PBXProject section */
		D0369D0E25C76B1900718A52 /* Project object */ = {
			isa = PBXProject;
			attributes = {
				LastSwiftUpdateCheck = 1240;
				LastUpgradeCheck = 1240;
				TargetAttributes = {
					D0369D1525C76B1900718A52 = {
						CreatedOnToolsVersion = 12.4;
					};
				};
			};
			buildConfigurationList = D0369D1125C76B1900718A52 /* Build configuration list for PBXProject "megastonks" */;
			compatibilityVersion = "Xcode 9.3";
			developmentRegion = en;
			hasScannedForEncodings = 0;
			knownRegions = (
				en,
				Base,
			);
			mainGroup = D0369D0D25C76B1900718A52;
			packageReferences = (
				D0DEFFB225DB050C008D8C9C /* XCRemoteSwiftPackageReference "SwiftUICharts" */,
				D045DB19262BCEBD0040C067 /* XCRemoteSwiftPackageReference "SwiftKeychainWrapper" */,
			);
			productRefGroup = D0369D1725C76B1900718A52 /* Products */;
			projectDirPath = "";
			projectRoot = "";
			targets = (
				D0369D1525C76B1900718A52 /* megastonks */,
			);
		};
/* End PBXProject section */

/* Begin PBXResourcesBuildPhase section */
		D0369D1425C76B1900718A52 /* Resources */ = {
			isa = PBXResourcesBuildPhase;
			buildActionMask = 2147483647;
			files = (
				D0369D2125C76B1900718A52 /* Preview Assets.xcassets in Resources */,
				D0369D1E25C76B1900718A52 /* Assets.xcassets in Resources */,
			);
			runOnlyForDeploymentPostprocessing = 0;
		};
/* End PBXResourcesBuildPhase section */

/* Begin PBXSourcesBuildPhase section */
		D0369D1225C76B1900718A52 /* Sources */ = {
			isa = PBXSourcesBuildPhase;
			buildActionMask = 2147483647;
			files = (
				D0FC0FF725D2287600366B26 /* StocksInfoPageView.swift in Sources */,
				D06B311825C7BA5200A37C08 /* SecretFormView.swift in Sources */,
				D004685D25D4BD2B006C60E9 /* PortfolioPageView.swift in Sources */,
				D06E429425D3545E009701A2 /* StatisticsView.swift in Sources */,
				D034870D25C7FE3D00CFCAB2 /* RegisterPageView.swift in Sources */,
				D00CA78725CB55CD00232915 /* StockSymbolModel.swift in Sources */,
				D04F7EA725D323AE00E52997 /* RadialChartView.swift in Sources */,
				D0A94F8A2626CF6B005477B6 /* ResetPasswordPageView.swift in Sources */,
				D0D3C40226249E5E00DC6B36 /* AppPageView.swift in Sources */,
				D004685725D43795006C60E9 /* CompanyInfoView.swift in Sources */,
				D004686A25D64E87006C60E9 /* LoadingIndicatorView.swift in Sources */,
				D0A94F8D2626D1F3005477B6 /* ForgotPasswordPageView.swift in Sources */,
				D034871225C80DA500CFCAB2 /* ButtonView.swift in Sources */,
				D004685A25D44037006C60E9 /* PortfolioSummaryView.swift in Sources */,
				D004686425D5CCFB006C60E9 /* ProfileSettingsPageView.swift in Sources */,
				D00CA78125CB3BF600232915 /* StockSymbolView.swift in Sources */,
				D09EF9DD2624989B00D9EF05 /* RootPageView.swift in Sources */,
				D045DB1E262BE5530040C067 /* APIRequest.swift in Sources */,
				D00CA78425CB50CF00232915 /* StockSymbol.swift in Sources */,
				D057841E25C88D400039E6CD /* OnBoardCardModel.swift in Sources */,
				D004686725D5E461006C60E9 /* EditSelectionView.swift in Sources */,
				D0369D1C25C76B1900718A52 /* FormView.swift in Sources */,
				D09EF9E02624994C00D9EF05 /* UserAuth.swift in Sources */,
				D0369D1A25C76B1900718A52 /* megastonksApp.swift in Sources */,
				D0FC0FFB25D22E8F00366B26 /* ChartButtonView.swift in Sources */,
				D0D1933825CCB41900D83D87 /* StockInfoView.swift in Sources */,
				D02D7C2D25DC496600DAC07A /* ButtonSelectionView.swift in Sources */,
				D0FC100025D2EFB400366B26 /* MyHoldingsView.swift in Sources */,
				D0D1933B25CCCFAF00D83D87 /* ChartView.swift in Sources */,
				D057841B25C88C5E0039E6CD /* OnBoardCard.swift in Sources */,
				D00CA77B25CA40C400232915 /* SearchBarView.swift in Sources */,
				D057842325C894530039E6CD /* OnBoardPageView.swift in Sources */,
				D004686025D4D2CD006C60E9 /* ProfilePageView.swift in Sources */,
				D004687325D8D19F006C60E9 /* OrderDetailPageView.swift in Sources */,
				D031EB4326143B71001504B5 /* APIResponse.swift in Sources */,
				D00CA78A25CB93DD00232915 /* WatchListPageView.swift in Sources */,
				D057841825C88C360039E6CD /* OnBoardCardView.swift in Sources */,
				D0FC100325D2F96D00366B26 /* MyColors.swift in Sources */,
				D06B311525C7AFF400A37C08 /* LoginPageView.swift in Sources */,
				D031EB3F26118C7F001504B5 /* API.swift in Sources */,
				D004686F25D8B96E006C60E9 /* OrderView.swift in Sources */,
			);
			runOnlyForDeploymentPostprocessing = 0;
		};
/* End PBXSourcesBuildPhase section */

/* Begin XCBuildConfiguration section */
		D0369D2325C76B1900718A52 /* Debug */ = {
			isa = XCBuildConfiguration;
			buildSettings = {
				ALWAYS_SEARCH_USER_PATHS = NO;
				CLANG_ANALYZER_NONNULL = YES;
				CLANG_ANALYZER_NUMBER_OBJECT_CONVERSION = YES_AGGRESSIVE;
				CLANG_CXX_LANGUAGE_STANDARD = "gnu++14";
				CLANG_CXX_LIBRARY = "libc++";
				CLANG_ENABLE_MODULES = YES;
				CLANG_ENABLE_OBJC_ARC = YES;
				CLANG_ENABLE_OBJC_WEAK = YES;
				CLANG_WARN_BLOCK_CAPTURE_AUTORELEASING = YES;
				CLANG_WARN_BOOL_CONVERSION = YES;
				CLANG_WARN_COMMA = YES;
				CLANG_WARN_CONSTANT_CONVERSION = YES;
				CLANG_WARN_DEPRECATED_OBJC_IMPLEMENTATIONS = YES;
				CLANG_WARN_DIRECT_OBJC_ISA_USAGE = YES_ERROR;
				CLANG_WARN_DOCUMENTATION_COMMENTS = YES;
				CLANG_WARN_EMPTY_BODY = YES;
				CLANG_WARN_ENUM_CONVERSION = YES;
				CLANG_WARN_INFINITE_RECURSION = YES;
				CLANG_WARN_INT_CONVERSION = YES;
				CLANG_WARN_NON_LITERAL_NULL_CONVERSION = YES;
				CLANG_WARN_OBJC_IMPLICIT_RETAIN_SELF = YES;
				CLANG_WARN_OBJC_LITERAL_CONVERSION = YES;
				CLANG_WARN_OBJC_ROOT_CLASS = YES_ERROR;
				CLANG_WARN_QUOTED_INCLUDE_IN_FRAMEWORK_HEADER = YES;
				CLANG_WARN_RANGE_LOOP_ANALYSIS = YES;
				CLANG_WARN_STRICT_PROTOTYPES = YES;
				CLANG_WARN_SUSPICIOUS_MOVE = YES;
				CLANG_WARN_UNGUARDED_AVAILABILITY = YES_AGGRESSIVE;
				CLANG_WARN_UNREACHABLE_CODE = YES;
				CLANG_WARN__DUPLICATE_METHOD_MATCH = YES;
				COPY_PHASE_STRIP = NO;
				DEBUG_INFORMATION_FORMAT = dwarf;
				ENABLE_STRICT_OBJC_MSGSEND = YES;
				ENABLE_TESTABILITY = YES;
				GCC_C_LANGUAGE_STANDARD = gnu11;
				GCC_DYNAMIC_NO_PIC = NO;
				GCC_NO_COMMON_BLOCKS = YES;
				GCC_OPTIMIZATION_LEVEL = 0;
				GCC_PREPROCESSOR_DEFINITIONS = (
					"DEBUG=1",
					"$(inherited)",
				);
				GCC_WARN_64_TO_32_BIT_CONVERSION = YES;
				GCC_WARN_ABOUT_RETURN_TYPE = YES_ERROR;
				GCC_WARN_UNDECLARED_SELECTOR = YES;
				GCC_WARN_UNINITIALIZED_AUTOS = YES_AGGRESSIVE;
				GCC_WARN_UNUSED_FUNCTION = YES;
				GCC_WARN_UNUSED_VARIABLE = YES;
				IPHONEOS_DEPLOYMENT_TARGET = 13.0;
				MTL_ENABLE_DEBUG_INFO = INCLUDE_SOURCE;
				MTL_FAST_MATH = YES;
				ONLY_ACTIVE_ARCH = YES;
				SDKROOT = iphoneos;
				SWIFT_ACTIVE_COMPILATION_CONDITIONS = DEBUG;
				SWIFT_OPTIMIZATION_LEVEL = "-Onone";
			};
			name = Debug;
		};
		D0369D2425C76B1900718A52 /* Release */ = {
			isa = XCBuildConfiguration;
			buildSettings = {
				ALWAYS_SEARCH_USER_PATHS = NO;
				CLANG_ANALYZER_NONNULL = YES;
				CLANG_ANALYZER_NUMBER_OBJECT_CONVERSION = YES_AGGRESSIVE;
				CLANG_CXX_LANGUAGE_STANDARD = "gnu++14";
				CLANG_CXX_LIBRARY = "libc++";
				CLANG_ENABLE_MODULES = YES;
				CLANG_ENABLE_OBJC_ARC = YES;
				CLANG_ENABLE_OBJC_WEAK = YES;
				CLANG_WARN_BLOCK_CAPTURE_AUTORELEASING = YES;
				CLANG_WARN_BOOL_CONVERSION = YES;
				CLANG_WARN_COMMA = YES;
				CLANG_WARN_CONSTANT_CONVERSION = YES;
				CLANG_WARN_DEPRECATED_OBJC_IMPLEMENTATIONS = YES;
				CLANG_WARN_DIRECT_OBJC_ISA_USAGE = YES_ERROR;
				CLANG_WARN_DOCUMENTATION_COMMENTS = YES;
				CLANG_WARN_EMPTY_BODY = YES;
				CLANG_WARN_ENUM_CONVERSION = YES;
				CLANG_WARN_INFINITE_RECURSION = YES;
				CLANG_WARN_INT_CONVERSION = YES;
				CLANG_WARN_NON_LITERAL_NULL_CONVERSION = YES;
				CLANG_WARN_OBJC_IMPLICIT_RETAIN_SELF = YES;
				CLANG_WARN_OBJC_LITERAL_CONVERSION = YES;
				CLANG_WARN_OBJC_ROOT_CLASS = YES_ERROR;
				CLANG_WARN_QUOTED_INCLUDE_IN_FRAMEWORK_HEADER = YES;
				CLANG_WARN_RANGE_LOOP_ANALYSIS = YES;
				CLANG_WARN_STRICT_PROTOTYPES = YES;
				CLANG_WARN_SUSPICIOUS_MOVE = YES;
				CLANG_WARN_UNGUARDED_AVAILABILITY = YES_AGGRESSIVE;
				CLANG_WARN_UNREACHABLE_CODE = YES;
				CLANG_WARN__DUPLICATE_METHOD_MATCH = YES;
				COPY_PHASE_STRIP = NO;
				DEBUG_INFORMATION_FORMAT = "dwarf-with-dsym";
				ENABLE_NS_ASSERTIONS = NO;
				ENABLE_STRICT_OBJC_MSGSEND = YES;
				GCC_C_LANGUAGE_STANDARD = gnu11;
				GCC_NO_COMMON_BLOCKS = YES;
				GCC_WARN_64_TO_32_BIT_CONVERSION = YES;
				GCC_WARN_ABOUT_RETURN_TYPE = YES_ERROR;
				GCC_WARN_UNDECLARED_SELECTOR = YES;
				GCC_WARN_UNINITIALIZED_AUTOS = YES_AGGRESSIVE;
				GCC_WARN_UNUSED_FUNCTION = YES;
				GCC_WARN_UNUSED_VARIABLE = YES;
				IPHONEOS_DEPLOYMENT_TARGET = 13.0;
				MTL_ENABLE_DEBUG_INFO = NO;
				MTL_FAST_MATH = YES;
				SDKROOT = iphoneos;
				SWIFT_COMPILATION_MODE = wholemodule;
				SWIFT_OPTIMIZATION_LEVEL = "-O";
				VALIDATE_PRODUCT = YES;
			};
			name = Release;
		};
		D0369D2625C76B1900718A52 /* Debug */ = {
			isa = XCBuildConfiguration;
			buildSettings = {
				ASSETCATALOG_COMPILER_APPICON_NAME = AppIcon;
				ASSETCATALOG_COMPILER_GLOBAL_ACCENT_COLOR_NAME = AccentColor;
				CODE_SIGN_STYLE = Automatic;
				DEVELOPMENT_ASSET_PATHS = "\"megastonks/Preview Content\"";
				DEVELOPMENT_TEAM = 7W882CNH7H;
				ENABLE_PREVIEWS = YES;
				INFOPLIST_FILE = megastonks/Info.plist;
				IPHONEOS_DEPLOYMENT_TARGET = 14.0;
				LD_RUNPATH_SEARCH_PATHS = (
					"$(inherited)",
					"@executable_path/Frameworks",
				);
				PRODUCT_BUNDLE_IDENTIFIER = strikingcredit.megastonks;
				PRODUCT_NAME = "$(TARGET_NAME)";
				SWIFT_VERSION = 5.0;
				TARGETED_DEVICE_FAMILY = "1,2";
			};
			name = Debug;
		};
		D0369D2725C76B1900718A52 /* Release */ = {
			isa = XCBuildConfiguration;
			buildSettings = {
				ASSETCATALOG_COMPILER_APPICON_NAME = AppIcon;
				ASSETCATALOG_COMPILER_GLOBAL_ACCENT_COLOR_NAME = AccentColor;
				CODE_SIGN_STYLE = Automatic;
				DEVELOPMENT_ASSET_PATHS = "\"megastonks/Preview Content\"";
				DEVELOPMENT_TEAM = 7W882CNH7H;
				ENABLE_PREVIEWS = YES;
				INFOPLIST_FILE = megastonks/Info.plist;
				IPHONEOS_DEPLOYMENT_TARGET = 14.0;
				LD_RUNPATH_SEARCH_PATHS = (
					"$(inherited)",
					"@executable_path/Frameworks",
				);
				PRODUCT_BUNDLE_IDENTIFIER = strikingcredit.megastonks;
				PRODUCT_NAME = "$(TARGET_NAME)";
				SWIFT_VERSION = 5.0;
				TARGETED_DEVICE_FAMILY = "1,2";
			};
			name = Release;
		};
/* End XCBuildConfiguration section */

/* Begin XCConfigurationList section */
		D0369D1125C76B1900718A52 /* Build configuration list for PBXProject "megastonks" */ = {
			isa = XCConfigurationList;
			buildConfigurations = (
				D0369D2325C76B1900718A52 /* Debug */,
				D0369D2425C76B1900718A52 /* Release */,
			);
			defaultConfigurationIsVisible = 0;
			defaultConfigurationName = Release;
		};
		D0369D2525C76B1900718A52 /* Build configuration list for PBXNativeTarget "megastonks" */ = {
			isa = XCConfigurationList;
			buildConfigurations = (
				D0369D2625C76B1900718A52 /* Debug */,
				D0369D2725C76B1900718A52 /* Release */,
			);
			defaultConfigurationIsVisible = 0;
			defaultConfigurationName = Release;
		};
/* End XCConfigurationList section */

/* Begin XCRemoteSwiftPackageReference section */
		D045DB19262BCEBD0040C067 /* XCRemoteSwiftPackageReference "SwiftKeychainWrapper" */ = {
			isa = XCRemoteSwiftPackageReference;
			repositoryURL = "https://github.com/jrendel/SwiftKeychainWrapper";
			requirement = {
				kind = upToNextMajorVersion;
				minimumVersion = 4.0.1;
			};
		};
		D0DEFFB225DB050C008D8C9C /* XCRemoteSwiftPackageReference "SwiftUICharts" */ = {
			isa = XCRemoteSwiftPackageReference;
			repositoryURL = "https://github.com/KingsleyOkeke14/SwiftUICharts.git";
			requirement = {
				branch = master;
				kind = branch;
			};
		};
/* End XCRemoteSwiftPackageReference section */

/* Begin XCSwiftPackageProductDependency section */
		D045DB1A262BCEBE0040C067 /* SwiftKeychainWrapper */ = {
			isa = XCSwiftPackageProductDependency;
			package = D045DB19262BCEBD0040C067 /* XCRemoteSwiftPackageReference "SwiftKeychainWrapper" */;
			productName = SwiftKeychainWrapper;
		};
		D0DEFFB325DB050C008D8C9C /* SwiftUICharts */ = {
			isa = XCSwiftPackageProductDependency;
			package = D0DEFFB225DB050C008D8C9C /* XCRemoteSwiftPackageReference "SwiftUICharts" */;
			productName = SwiftUICharts;
		};
/* End XCSwiftPackageProductDependency section */
	};
	rootObject = D0369D0E25C76B1900718A52 /* Project object */;
}
